
Microsoft Visual Studio Solution File, Format Version 12.00
# Visual Studio Version 16
VisualStudioVersion = 16.0.31515.178
MinimumVisualStudioVersion = 10.0.40219.1
Project("{FAE04EC0-301F-11D3-BF4B-00C04F79EFBC}") = "MicrosoftExtensionsDependencyInjection", "MicrosoftExtensionsDependencyInjection\MicrosoftExtensionsDependencyInjection.csproj", "{D994CBB8-A1A6-4B7E-9684-B1215918C061}"
EndProject
Global
	GlobalSection(SolutionConfigurationPlatforms) = preSolution
		Debug|Any CPU = Debug|Any CPU
		Release|Any CPU = Release|Any CPU
	EndGlobalSection
	GlobalSection(ProjectConfigurationPlatforms) = postSolution
		{D994CBB8-A1A6-4B7E-9684-B1215918C061}.Debug|Any CPU.ActiveCfg = Debug|Any CPU
		{D994CBB8-A1A6-4B7E-9684-B1215918C061}.Debug|Any CPU.Build.0 = Debug|Any CPU
		{D994CBB8-A1A6-4B7E-9684-B1215918C061}.Release|Any CPU.ActiveCfg = Release|Any CPU
		{D994CBB8-A1A6-4B7E-9684-B1215918C061}.Release|Any CPU.Build.0 = Release|Any CPU
	EndGlobalSection
	GlobalSection(SolutionProperties) = preSolution
		HideSolutionNode = FALSE
	EndGlobalSection
	GlobalSection(ExtensibilityGlobals) = postSolution
		SolutionGuid = {E3FBF2E3-296C-4CE8-AC3F-E0EFC7E0F8BF}
	EndGlobalSection
EndGlobal
